
Microsoft Visual Studio Solution File, Format Version 12.00
# Visual Studio Version 16
VisualStudioVersion = 16.0.28803.156
MinimumVisualStudioVersion = 10.0.40219.1
Project("{FAE04EC0-301F-11D3-BF4B-00C04F79EFBC}") = "School_Books", "School_Books\School_Books.csproj", "{D764C84A-6C25-47AA-8314-75E18EB019F0}"
EndProject
Global
	GlobalSection(SolutionConfigurationPlatforms) = preSolution
		Debug|Any CPU = Debug|Any CPU
		Release|Any CPU = Release|Any CPU
	EndGlobalSection
	GlobalSection(ProjectConfigurationPlatforms) = postSolution
		{D764C84A-6C25-47AA-8314-75E18EB019F0}.Debug|Any CPU.ActiveCfg = Debug|Any CPU
		{D764C84A-6C25-47AA-8314-75E18EB019F0}.Debug|Any CPU.Build.0 = Debug|Any CPU
		{D764C84A-6C25-47AA-8314-75E18EB019F0}.Release|Any CPU.ActiveCfg = Release|Any CPU
		{D764C84A-6C25-47AA-8314-75E18EB019F0}.Release|Any CPU.Build.0 = Release|Any CPU
	EndGlobalSection
	GlobalSection(SolutionProperties) = preSolution
		HideSolutionNode = FALSE
	EndGlobalSection
	GlobalSection(ExtensibilityGlobals) = postSolution
		SolutionGuid = {76B480EA-766A-48DF-858F-E1C63CA7E183}
	EndGlobalSection
EndGlobal
